
Microsoft Visual Studio Solution File, Format Version 12.00
# Visual Studio 2012
Project("{FAE04EC0-301F-11D3-BF4B-00C04F79EFBC}") = "Toolbox", "Toolbox\Toolbox.csproj", "{9FAE5998-9E95-4E53-9A32-62EF172468B8}"
EndProject
Project("{FAE04EC0-301F-11D3-BF4B-00C04F79EFBC}") = "ToolboxTest", "ToolboxTest\ToolboxTest.csproj", "{58E84944-0F7A-415F-B72E-624A05DA85C9}"
EndProject
Global
	GlobalSection(SolutionConfigurationPlatforms) = preSolution
		Debug|x86 = Debug|x86
		Release|x86 = Release|x86
	EndGlobalSection
	GlobalSection(ProjectConfigurationPlatforms) = postSolution
		{58E84944-0F7A-415F-B72E-624A05DA85C9}.Debug|x86.ActiveCfg = Debug|Any CPU
		{58E84944-0F7A-415F-B72E-624A05DA85C9}.Debug|x86.Build.0 = Debug|Any CPU
		{58E84944-0F7A-415F-B72E-624A05DA85C9}.Release|x86.ActiveCfg = Release|Any CPU
		{58E84944-0F7A-415F-B72E-624A05DA85C9}.Release|x86.Build.0 = Release|Any CPU
		{9FAE5998-9E95-4E53-9A32-62EF172468B8}.Debug|x86.ActiveCfg = Debug|x86
		{9FAE5998-9E95-4E53-9A32-62EF172468B8}.Debug|x86.Build.0 = Debug|x86
		{9FAE5998-9E95-4E53-9A32-62EF172468B8}.Release|x86.ActiveCfg = Release|x86
		{9FAE5998-9E95-4E53-9A32-62EF172468B8}.Release|x86.Build.0 = Release|x86
	EndGlobalSection
EndGlobal
